PODS:
  - CameraKit (0.1.0)

DEPENDENCIES:
  - CameraKit

SPEC REPOS:
  "git@github.sc-corp.net:Snapchat/camera-kit-ios-pod-repo.git":
    - CameraKit

SPEC CHECKSUMS:
  CameraKit: fe4b4ec31a4528140a9988b357852aa6246a19de

PODFILE CHECKSUM: 87c60153592e4f7237d68bfa4a783875f2e83e8d

COCOAPODS: 1.8.4
