PODS:
  - CameraKit (0.5.0)
  - CameraKitReferenceUI (0.5.0):
    - CameraKit
  - SnapSDK/SCSDKCreativeKit (1.4.2)

DEPENDENCIES:
  - CameraKit (= 0.5.0)
  - CameraKitReferenceUI (= 0.5.0)
  - SnapSDK/SCSDKCreativeKit (= 1.4.2)

SPEC REPOS:
  "git@github.sc-corp.net:Snapchat/camera-kit-ios-pod-repo.git":
    - CameraKit
    - CameraKitReferenceUI
  https://github.com/CocoaPods/Specs.git:
    - SnapSDK

SPEC CHECKSUMS:
  CameraKit: d0f06968098641d0ac7edab9573ad663b723f9c7
  CameraKitReferenceUI: 6317a4c332fbfd71f8aa13f165a8ef816528c6d4
  SnapSDK: 40335ae82ff55d578b8be38fa2b098b1e6471866

PODFILE CHECKSUM: db30fb33f6344a5b750a6190821e6c9cda29d954

COCOAPODS: 1.9.1
